
Microsoft Visual Studio Solution File, Format Version 12.00
# Visual Studio Version 17
VisualStudioVersion = 17.8.34330.188
MinimumVisualStudioVersion = 10.0.40219.1
Project("{2150E333-8FDC-42A3-9474-1A3956D46DE8}") = "Services", "Services", "{E9A17C52-407F-4EE1-A2D1-42E23FD6B439}"
EndProject
Project("{2150E333-8FDC-42A3-9474-1A3956D46DE8}") = "Catalog", "Catalog", "{2675FE90-9A05-49AF-A700-F484D89EE75A}"
EndProject
Project("{9A19103F-16F7-4668-BE54-9A1E7A4F7556}") = "Catalog.API", "Services\Catalog\Catalog.API\Catalog.API.csproj", "{86A22174-8426-443A-8205-700175878FE4}"
EndProject
Project("{2150E333-8FDC-42A3-9474-1A3956D46DE8}") = "BuildingBlocks", "BuildingBlocks", "{273E1ECB-BF0F-40E0-ACE0-C2AAE2B7C42F}"
EndProject
Project("{9A19103F-16F7-4668-BE54-9A1E7A4F7556}") = "BuildingBlocks", "BuildingBlocks\BuildingBlocks\BuildingBlocks.csproj", "{4FE54B17-8707-4936-8C58-AFD18AC3A33D}"
EndProject
Project("{E53339B2-1760-4266-BCC7-CA923CBCF16C}") = "docker-compose", "docker-compose.dcproj", "{77C0ED65-5C2F-4D97-8A74-6042DF72955C}"
EndProject
Project("{2150E333-8FDC-42A3-9474-1A3956D46DE8}") = "Basket", "Basket", "{71FB5FA0-367E-4605-B1D0-D2399D986FC0}"
EndProject
Project("{9A19103F-16F7-4668-BE54-9A1E7A4F7556}") = "Basket.API", "Services\Basket\Basket.API\Basket.API.csproj", "{A01C8BB7-1362-4729-8D08-A39C17CCB0D9}"
EndProject
Project("{2150E333-8FDC-42A3-9474-1A3956D46DE8}") = "Discount", "Discount", "{5D38BE1D-79D6-4879-A0A6-ADC8488E3802}"
EndProject
Project("{9A19103F-16F7-4668-BE54-9A1E7A4F7556}") = "Discount.Grpc", "Services\Discount\Discount.Grpc\Discount.Grpc.csproj", "{7E3BAB99-5DED-4115-B489-916A845566BC}"
EndProject
Project("{2150E333-8FDC-42A3-9474-1A3956D46DE8}") = "Ordering", "Ordering", "{D849170B-664E-413D-B536-5DD3E5DA5C64}"
EndProject
Project("{9A19103F-16F7-4668-BE54-9A1E7A4F7556}") = "Ordering.API", "Services\Ordering\Ordering.API\Ordering.API.csproj", "{70621830-974B-486F-9568-D69611E68A39}"
EndProject
Project("{9A19103F-16F7-4668-BE54-9A1E7A4F7556}") = "Ordering.Domain", "Services\Ordering\Ordering.Domain\Ordering.Domain.csproj", "{8C54EF3E-A1FA-4FB9-8C9E-E7375A93AB42}"
EndProject
Project("{9A19103F-16F7-4668-BE54-9A1E7A4F7556}") = "Ordering.Application", "Services\Ordering\Ordering.Application\Ordering.Application.csproj", "{C7ECE3E1-330D-4ACB-B369-DF9FE11CCF3C}"
EndProject
Project("{9A19103F-16F7-4668-BE54-9A1E7A4F7556}") = "Ordering.Infrastructure", "..\Ordering.Infrastructure\Ordering.Infrastructure.csproj", "{F6ADB419-E5C8-432B-82F9-4ADAF6409CC9}"
EndProject
Project("{FAE04EC0-301F-11D3-BF4B-00C04F79EFBC}") = "ServiceDefaults", "..\ServiceDefaults\ServiceDefaults.csproj", "{163E3EEF-DD0F-4ED9-9462-85DB35D404B1}"
EndProject
Project("{FAE04EC0-301F-11D3-BF4B-00C04F79EFBC}") = "AppHost", "..\AppHost\AppHost.csproj", "{888A6852-7D2B-42F3-A4CC-B4F2F584538A}"
EndProject
Global
	GlobalSection(SolutionConfigurationPlatforms) = preSolution
		Debug|Any CPU = Debug|Any CPU
		Release|Any CPU = Release|Any CPU
	EndGlobalSection
	GlobalSection(ProjectConfigurationPlatforms) = postSolution
		{86A22174-8426-443A-8205-700175878FE4}.Debug|Any CPU.ActiveCfg = Debug|Any CPU
		{86A22174-8426-443A-8205-700175878FE4}.Debug|Any CPU.Build.0 = Debug|Any CPU
		{86A22174-8426-443A-8205-700175878FE4}.Release|Any CPU.ActiveCfg = Release|Any CPU
		{86A22174-8426-443A-8205-700175878FE4}.Release|Any CPU.Build.0 = Release|Any CPU
		{4FE54B17-8707-4936-8C58-AFD18AC3A33D}.Debug|Any CPU.ActiveCfg = Debug|Any CPU
		{4FE54B17-8707-4936-8C58-AFD18AC3A33D}.Debug|Any CPU.Build.0 = Debug|Any CPU
		{4FE54B17-8707-4936-8C58-AFD18AC3A33D}.Release|Any CPU.ActiveCfg = Release|Any CPU
		{4FE54B17-8707-4936-8C58-AFD18AC3A33D}.Release|Any CPU.Build.0 = Release|Any CPU
		{77C0ED65-5C2F-4D97-8A74-6042DF72955C}.Debug|Any CPU.ActiveCfg = Debug|Any CPU
		{77C0ED65-5C2F-4D97-8A74-6042DF72955C}.Debug|Any CPU.Build.0 = Debug|Any CPU
		{77C0ED65-5C2F-4D97-8A74-6042DF72955C}.Release|Any CPU.ActiveCfg = Release|Any CPU
		{77C0ED65-5C2F-4D97-8A74-6042DF72955C}.Release|Any CPU.Build.0 = Release|Any CPU
		{A01C8BB7-1362-4729-8D08-A39C17CCB0D9}.Debug|Any CPU.ActiveCfg = Debug|Any CPU
		{A01C8BB7-1362-4729-8D08-A39C17CCB0D9}.Debug|Any CPU.Build.0 = Debug|Any CPU
		{A01C8BB7-1362-4729-8D08-A39C17CCB0D9}.Release|Any CPU.ActiveCfg = Release|Any CPU
		{A01C8BB7-1362-4729-8D08-A39C17CCB0D9}.Release|Any CPU.Build.0 = Release|Any CPU
		{7E3BAB99-5DED-4115-B489-916A845566BC}.Debug|Any CPU.ActiveCfg = Debug|Any CPU
		{7E3BAB99-5DED-4115-B489-916A845566BC}.Debug|Any CPU.Build.0 = Debug|Any CPU
		{7E3BAB99-5DED-4115-B489-916A845566BC}.Release|Any CPU.ActiveCfg = Release|Any CPU
		{7E3BAB99-5DED-4115-B489-916A845566BC}.Release|Any CPU.Build.0 = Release|Any CPU
		{70621830-974B-486F-9568-D69611E68A39}.Debug|Any CPU.ActiveCfg = Debug|Any CPU
		{70621830-974B-486F-9568-D69611E68A39}.Debug|Any CPU.Build.0 = Debug|Any CPU
		{70621830-974B-486F-9568-D69611E68A39}.Release|Any CPU.ActiveCfg = Release|Any CPU
		{70621830-974B-486F-9568-D69611E68A39}.Release|Any CPU.Build.0 = Release|Any CPU
		{8C54EF3E-A1FA-4FB9-8C9E-E7375A93AB42}.Debug|Any CPU.ActiveCfg = Debug|Any CPU
		{8C54EF3E-A1FA-4FB9-8C9E-E7375A93AB42}.Debug|Any CPU.Build.0 = Debug|Any CPU
		{8C54EF3E-A1FA-4FB9-8C9E-E7375A93AB42}.Release|Any CPU.ActiveCfg = Release|Any CPU
		{8C54EF3E-A1FA-4FB9-8C9E-E7375A93AB42}.Release|Any CPU.Build.0 = Release|Any CPU
		{C7ECE3E1-330D-4ACB-B369-DF9FE11CCF3C}.Debug|Any CPU.ActiveCfg = Debug|Any CPU
		{C7ECE3E1-330D-4ACB-B369-DF9FE11CCF3C}.Debug|Any CPU.Build.0 = Debug|Any CPU
		{C7ECE3E1-330D-4ACB-B369-DF9FE11CCF3C}.Release|Any CPU.ActiveCfg = Release|Any CPU
		{C7ECE3E1-330D-4ACB-B369-DF9FE11CCF3C}.Release|Any CPU.Build.0 = Release|Any CPU
		{F6ADB419-E5C8-432B-82F9-4ADAF6409CC9}.Debug|Any CPU.ActiveCfg = Debug|Any CPU
		{F6ADB419-E5C8-432B-82F9-4ADAF6409CC9}.Debug|Any CPU.Build.0 = Debug|Any CPU
		{F6ADB419-E5C8-432B-82F9-4ADAF6409CC9}.Release|Any CPU.ActiveCfg = Release|Any CPU
		{F6ADB419-E5C8-432B-82F9-4ADAF6409CC9}.Release|Any CPU.Build.0 = Release|Any CPU
		{163E3EEF-DD0F-4ED9-9462-85DB35D404B1}.Debug|Any CPU.ActiveCfg = Debug|Any CPU
		{163E3EEF-DD0F-4ED9-9462-85DB35D404B1}.Debug|Any CPU.Build.0 = Debug|Any CPU
		{163E3EEF-DD0F-4ED9-9462-85DB35D404B1}.Release|Any CPU.ActiveCfg = Release|Any CPU
		{163E3EEF-DD0F-4ED9-9462-85DB35D404B1}.Release|Any CPU.Build.0 = Release|Any CPU
		{888A6852-7D2B-42F3-A4CC-B4F2F584538A}.Debug|Any CPU.ActiveCfg = Debug|Any CPU
		{888A6852-7D2B-42F3-A4CC-B4F2F584538A}.Debug|Any CPU.Build.0 = Debug|Any CPU
		{888A6852-7D2B-42F3-A4CC-B4F2F584538A}.Release|Any CPU.ActiveCfg = Release|Any CPU
		{888A6852-7D2B-42F3-A4CC-B4F2F584538A}.Release|Any CPU.Build.0 = Release|Any CPU
	EndGlobalSection
	GlobalSection(SolutionProperties) = preSolution
		HideSolutionNode = FALSE
	EndGlobalSection
	GlobalSection(NestedProjects) = preSolution
		{2675FE90-9A05-49AF-A700-F484D89EE75A} = {E9A17C52-407F-4EE1-A2D1-42E23FD6B439}
		{86A22174-8426-443A-8205-700175878FE4} = {2675FE90-9A05-49AF-A700-F484D89EE75A}
		{4FE54B17-8707-4936-8C58-AFD18AC3A33D} = {273E1ECB-BF0F-40E0-ACE0-C2AAE2B7C42F}
		{71FB5FA0-367E-4605-B1D0-D2399D986FC0} = {E9A17C52-407F-4EE1-A2D1-42E23FD6B439}
		{A01C8BB7-1362-4729-8D08-A39C17CCB0D9} = {71FB5FA0-367E-4605-B1D0-D2399D986FC0}
		{5D38BE1D-79D6-4879-A0A6-ADC8488E3802} = {E9A17C52-407F-4EE1-A2D1-42E23FD6B439}
		{7E3BAB99-5DED-4115-B489-916A845566BC} = {5D38BE1D-79D6-4879-A0A6-ADC8488E3802}
		{D849170B-664E-413D-B536-5DD3E5DA5C64} = {E9A17C52-407F-4EE1-A2D1-42E23FD6B439}
		{70621830-974B-486F-9568-D69611E68A39} = {D849170B-664E-413D-B536-5DD3E5DA5C64}
		{8C54EF3E-A1FA-4FB9-8C9E-E7375A93AB42} = {D849170B-664E-413D-B536-5DD3E5DA5C64}
		{C7ECE3E1-330D-4ACB-B369-DF9FE11CCF3C} = {D849170B-664E-413D-B536-5DD3E5DA5C64}
		{F6ADB419-E5C8-432B-82F9-4ADAF6409CC9} = {D849170B-664E-413D-B536-5DD3E5DA5C64}
	EndGlobalSection
	GlobalSection(ExtensibilityGlobals) = postSolution
		SolutionGuid = {7F223C65-E8F5-4483-8AB1-0A33220EABC5}
	EndGlobalSection
EndGlobal
